<?xml version="1.0" encoding="utf-8"?>
<!--
xmake version 2.7.6+dev.7fd2cec12

  This file is auto generated by xmake.

  Please DO NOT EDIT since all your modification will lost after re-generation.
  See https://github.com/xmake-io/xmake/pull/472 for more infomation.
-->
<Project ToolsVersion="4.0" xmlns="http://schemas.microsoft.com/developer/msbuild/2003">
  <ItemGroup>
    <Filter Include="Properties">
      <UniqueIdentifier>{CC7C6180-942D-056E-3227-E6A2B3FB19CD}</UniqueIdentifier>
    </Filter>
    <Filter Include="Source">
      <UniqueIdentifier>{294D11A6-2F7D-4975-A9F7-CC719E221146}</UniqueIdentifier>
    </Filter>
    <Filter Include="Source\Runtime">
      <UniqueIdentifier>{5C6545D8-E88A-4730-A0BF-2ACBC020EE80}</UniqueIdentifier>
    </Filter>
    <Filter Include="Source\Runtime\Builtin">
      <UniqueIdentifier>{349AA644-E0B4-4FCF-84B2-FD7A5A891DE7}</UniqueIdentifier>
    </Filter>

  </ItemGroup>
  <ItemGroup>
    <None Include="$(MSBuildProjectDirectory)\Xmake.Custom.props">
      <Filter>Properties</Filter>
    </None>
    <None Include="$(MSBuildProjectDirectory)\Xmake.Custom.targets">
      <Filter>Properties</Filter>
    </None>
    <None Include="$(MSBuildProjectDirectory)\Xmake.Custom.items">
      <Filter>Properties</Filter>
    </None>
    <None Include="$(MSBuildProjectDirectory)\Xmake.Custom.items.filters">
      <Filter>Properties</Filter>
    </None>
    <None Include="$(XmakeScriptDir)\xmake.lua">
      <Filter>Properties</Filter>
    </None>
  </ItemGroup>
  <ItemGroup>


  </ItemGroup>
  <ItemGroup>

    <ClCompile Include="$(XmakeProjectDir)\Source\Runtime\Builtin\Bool.cpp">
      <Filter>Source\Runtime\Builtin</Filter>
    </ClCompile>
    <ClCompile Include="$(XmakeProjectDir)\Source\Runtime\Builtin\BuiltinException.cpp">
      <Filter>Source\Runtime\Builtin</Filter>
    </ClCompile>
    <ClCompile Include="$(XmakeProjectDir)\Source\Runtime\Builtin\BuiltinFunction.cpp">
      <Filter>Source\Runtime\Builtin</Filter>
    </ClCompile>
    <ClCompile Include="$(XmakeProjectDir)\Source\Runtime\Builtin\BuiltinFunctions.cpp">
      <Filter>Source\Runtime\Builtin</Filter>
    </ClCompile>
    <ClCompile Include="$(XmakeProjectDir)\Source\Runtime\Builtin\Float.cpp">
      <Filter>Source\Runtime\Builtin</Filter>
    </ClCompile>
    <ClCompile Include="$(XmakeProjectDir)\Source\Runtime\Builtin\Int.cpp">
      <Filter>Source\Runtime\Builtin</Filter>
    </ClCompile>
    <ClCompile Include="$(XmakeProjectDir)\Source\Runtime\Builtin\Null.cpp">
      <Filter>Source\Runtime\Builtin</Filter>
    </ClCompile>
    <ClCompile Include="$(XmakeProjectDir)\Source\Runtime\Builtin\String.cpp">
      <Filter>Source\Runtime\Builtin</Filter>
    </ClCompile>
    <ClCompile Include="$(XmakeProjectDir)\Source\Runtime\CodeObject.cpp">
      <Filter>Source\Runtime</Filter>
    </ClCompile>
    <ClCompile Include="$(XmakeProjectDir)\Source\Runtime\Context.cpp">
      <Filter>Source\Runtime</Filter>
    </ClCompile>
    <ClCompile Include="$(XmakeProjectDir)\Source\Runtime\Instruction.cpp">
      <Filter>Source\Runtime</Filter>
    </ClCompile>
    <ClCompile Include="$(XmakeProjectDir)\Source\Runtime\Object.cpp">
      <Filter>Source\Runtime</Filter>
    </ClCompile>
    <ClCompile Include="$(XmakeProjectDir)\Source\Runtime\VirtualMachine.cpp">
      <Filter>Source\Runtime</Filter>
    </ClCompile>
    <ClCompile Include="$(XmakeProjectDir)\main.cpp">
      <Filter><!-- nil --></Filter>
    </ClCompile>



  </ItemGroup>
  <ItemGroup>

  </ItemGroup>
  <ItemGroup>


  </ItemGroup>
  <Import Condition="Exists('$(MSBuildThisFileDirectory)\Xmake.Custom.files.filters')"
    Project="$(MSBuildThisFileDirectory)\Xmake.Custom.files.filters" />
</Project>
